
Microsoft Visual Studio Solution File, Format Version 12.00
# Visual Studio Version 17
VisualStudioVersion = 17.0.32112.339
MinimumVisualStudioVersion = 10.0.40219.1
Project("{FAE04EC0-301F-11D3-BF4B-00C04F79EFBC}") = "LocalBus", "LocalBus\LocalBus.csproj", "{2EEB882C-0569-4479-94CC-94F9A652E537}"
EndProject
Global
	GlobalSection(SolutionConfigurationPlatforms) = preSolution
		Debug|Any CPU = Debug|Any CPU
		Release|Any CPU = Release|Any CPU
	EndGlobalSection
	GlobalSection(ProjectConfigurationPlatforms) = postSolution
		{2EEB882C-0569-4479-94CC-94F9A652E537}.Debug|Any CPU.ActiveCfg = Debug|Any CPU
		{2EEB882C-0569-4479-94CC-94F9A652E537}.Debug|Any CPU.Build.0 = Debug|Any CPU
		{2EEB882C-0569-4479-94CC-94F9A652E537}.Release|Any CPU.ActiveCfg = Release|Any CPU
		{2EEB882C-0569-4479-94CC-94F9A652E537}.Release|Any CPU.Build.0 = Release|Any CPU
	EndGlobalSection
	GlobalSection(SolutionProperties) = preSolution
		HideSolutionNode = FALSE
	EndGlobalSection
	GlobalSection(ExtensibilityGlobals) = postSolution
		SolutionGuid = {E0ADFEAF-E5F6-4C40-ADDB-63D1E7C05385}
	EndGlobalSection
EndGlobal
